
Microsoft Visual Studio Solution File, Format Version 12.00
# Visual Studio Version 17
VisualStudioVersion = 17.13.35825.156 d17.13
MinimumVisualStudioVersion = 10.0.40219.1
Project("{FAE04EC0-301F-11D3-BF4B-00C04F79EFBC}") = "BTVN5", "BTVN5\BTVN5.csproj", "{2D43D277-657B-4CC4-B3E6-F9581C3A4845}"
EndProject
Global
	GlobalSection(SolutionConfigurationPlatforms) = preSolution
		Debug|Any CPU = Debug|Any CPU
		Release|Any CPU = Release|Any CPU
	EndGlobalSection
	GlobalSection(ProjectConfigurationPlatforms) = postSolution
		{2D43D277-657B-4CC4-B3E6-F9581C3A4845}.Debug|Any CPU.ActiveCfg = Debug|Any CPU
		{2D43D277-657B-4CC4-B3E6-F9581C3A4845}.Debug|Any CPU.Build.0 = Debug|Any CPU
		{2D43D277-657B-4CC4-B3E6-F9581C3A4845}.Release|Any CPU.ActiveCfg = Release|Any CPU
		{2D43D277-657B-4CC4-B3E6-F9581C3A4845}.Release|Any CPU.Build.0 = Release|Any CPU
	EndGlobalSection
	GlobalSection(SolutionProperties) = preSolution
		HideSolutionNode = FALSE
	EndGlobalSection
	GlobalSection(ExtensibilityGlobals) = postSolution
		SolutionGuid = {DB399BFC-B097-4DD9-8209-8A713CFB8B08}
	EndGlobalSection
EndGlobal
